
Microsoft Visual Studio Solution File, Format Version 12.00
# Visual Studio 2013
VisualStudioVersion = 12.0.30723.0
MinimumVisualStudioVersion = 10.0.40219.1
Project("{FAE04EC0-301F-11D3-BF4B-00C04F79EFBC}") = "AbbyyLS.CAT.Function.Selenium.Tests", "AbbyyLS.CAT.Function.Selenium.Tests\AbbyyLS.CAT.Function.Selenium.Tests.csproj", "{9DC9D68E-BBFD-4CCB-9C78-949E7E895D3A}"
EndProject
Project("{FAE04EC0-301F-11D3-BF4B-00C04F79EFBC}") = "AbbyyLS.Coursera.Function.Selenium.Tests", "AbbyyLS.Coursera.Function.Selenium.Tests\AbbyyLS.Coursera.Function.Selenium.Tests.csproj", "{8DF75CDC-DC96-4B13-925C-00D1C2FE2188}"
EndProject
Project("{2150E333-8FDC-42A3-9474-1A3956D46DE8}") = "configs", "configs", "{A63C7CD2-0E87-4A6C-8B47-0AA9D76961CC}"
	ProjectSection(SolutionItems) = preProject
		configs\AgentSpecific.xml = configs\AgentSpecific.xml
		configs\CourseraUsers.xml = configs\CourseraUsers.xml
		configs\TestUsers.xml = configs\TestUsers.xml
	EndProjectSection
EndProject
Project("{FAE04EC0-301F-11D3-BF4B-00C04F79EFBC}") = "AbbyyLS.CAT.Function.Selenium.Admin", "AbbyyLS.CAT.Function.Selenium.Admin\AbbyyLS.CAT.Function.Selenium.Admin.csproj", "{7DF8C0A3-4319-4689-B11F-2F18BD290458}"
EndProject
Project("{FAE04EC0-301F-11D3-BF4B-00C04F79EFBC}") = "CategoriesList", "CategoriesList\CategoriesList.csproj", "{28C1A53F-4597-413F-91F7-B622AEB3AE53}"
EndProject
Global
	GlobalSection(SolutionConfigurationPlatforms) = preSolution
		Debug|Any CPU = Debug|Any CPU
		Release|Any CPU = Release|Any CPU
	EndGlobalSection
	GlobalSection(ProjectConfigurationPlatforms) = postSolution
		{9DC9D68E-BBFD-4CCB-9C78-949E7E895D3A}.Debug|Any CPU.ActiveCfg = Debug|Any CPU
		{9DC9D68E-BBFD-4CCB-9C78-949E7E895D3A}.Debug|Any CPU.Build.0 = Debug|Any CPU
		{9DC9D68E-BBFD-4CCB-9C78-949E7E895D3A}.Release|Any CPU.ActiveCfg = Release|Any CPU
		{9DC9D68E-BBFD-4CCB-9C78-949E7E895D3A}.Release|Any CPU.Build.0 = Release|Any CPU
		{8DF75CDC-DC96-4B13-925C-00D1C2FE2188}.Debug|Any CPU.ActiveCfg = Debug|Any CPU
		{8DF75CDC-DC96-4B13-925C-00D1C2FE2188}.Debug|Any CPU.Build.0 = Debug|Any CPU
		{8DF75CDC-DC96-4B13-925C-00D1C2FE2188}.Release|Any CPU.ActiveCfg = Release|Any CPU
		{8DF75CDC-DC96-4B13-925C-00D1C2FE2188}.Release|Any CPU.Build.0 = Release|Any CPU
		{7DF8C0A3-4319-4689-B11F-2F18BD290458}.Debug|Any CPU.ActiveCfg = Debug|Any CPU
		{7DF8C0A3-4319-4689-B11F-2F18BD290458}.Debug|Any CPU.Build.0 = Debug|Any CPU
		{7DF8C0A3-4319-4689-B11F-2F18BD290458}.Release|Any CPU.ActiveCfg = Release|Any CPU
		{7DF8C0A3-4319-4689-B11F-2F18BD290458}.Release|Any CPU.Build.0 = Release|Any CPU
		{28C1A53F-4597-413F-91F7-B622AEB3AE53}.Debug|Any CPU.ActiveCfg = Debug|Any CPU
		{28C1A53F-4597-413F-91F7-B622AEB3AE53}.Debug|Any CPU.Build.0 = Debug|Any CPU
		{28C1A53F-4597-413F-91F7-B622AEB3AE53}.Release|Any CPU.ActiveCfg = Release|Any CPU
		{28C1A53F-4597-413F-91F7-B622AEB3AE53}.Release|Any CPU.Build.0 = Release|Any CPU
	EndGlobalSection
	GlobalSection(SolutionProperties) = preSolution
		HideSolutionNode = FALSE
	EndGlobalSection
EndGlobal
